// !$*UTF8*$!
{
	archiveVersion = 1;
	classes = {
	};
	objectVersion = 46;
	objects = {

/* Begin PBXBuildFile section */
		F0BB3D981C8E9E95004FD00A /* AppDelegate.swift in Sources */ = {isa = PBXBuildFile; fileRef = F0BB3D971C8E9E95004FD00A /* AppDelegate.swift */; };
		F0BB3D9A1C8E9E95004FD00A /* ViewController.swift in Sources */ = {isa = PBXBuildFile; fileRef = F0BB3D991C8E9E95004FD00A /* ViewController.swift */; };
		F0BB3D9D1C8E9E95004FD00A /* Main.storyboard in Resources */ = {isa = PBXBuildFile; fileRef = F0BB3D9B1C8E9E95004FD00A /* Main.storyboard */; };
		F0BB3DA01C8E9E95004FD00A /* MyTrips.xcdatamodeld in Sources */ = {isa = PBXBuildFile; fileRef = F0BB3D9E1C8E9E95004FD00A /* MyTrips.xcdatamodeld */; };
		F0BB3DA21C8E9E95004FD00A /* Assets.xcassets in Resources */ = {isa = PBXBuildFile; fileRef = F0BB3DA11C8E9E95004FD00A /* Assets.xcassets */; };
		F0BB3DA51C8E9E95004FD00A /* LaunchScreen.storyboard in Resources */ = {isa = PBXBuildFile; fileRef = F0BB3DA31C8E9E95004FD00A /* LaunchScreen.storyboard */; };
/* End PBXBuildFile section */

/* Begin PBXFileReference section */
		F0BB3D941C8E9E95004FD00A /* MyTrips.app */ = {isa = PBXFileReference; explicitFileType = wrapper.application; includeInIndex = 0; path = MyTrips.app; sourceTree = BUILT_PRODUCTS_DIR; };
		F0BB3D971C8E9E95004FD00A /* AppDelegate.swift */ = {isa = PBXFileReference; lastKnownFileType = sourcecode.swift; path = AppDelegate.swift; sourceTree = "<group>"; };
		F0BB3D991C8E9E95004FD00A /* ViewController.swift */ = {isa = PBXFileReference; lastKnownFileType = sourcecode.swift; path = ViewController.swift; sourceTree = "<group>"; };
		F0BB3D9C1C8E9E95004FD00A /* Base */ = {isa = PBXFileReference; lastKnownFileType = file.storyboard; name = Base; path = Base.lproj/Main.storyboard; sourceTree = "<group>"; };
		F0BB3D9F1C8E9E95004FD00A /* MyTrips.xcdatamodel */ = {isa = PBXFileReference; lastKnownFileType = wrapper.xcdatamodel; path = MyTrips.xcdatamodel; sourceTree = "<group>"; };
		F0BB3DA11C8E9E95004FD00A /* Assets.xcassets */ = {isa = PBXFileReference; lastKnownFileType = folder.assetcatalog; path = Assets.xcassets; sourceTree = "<group>"; };
		F0BB3DA41C8E9E95004FD00A /* Base */ = {isa = PBXFileReference; lastKnownFileType = file.storyboard; name = Base; path = Base.lproj/LaunchScreen.storyboard; sourceTree = "<group>"; };
		F0BB3DA61C8E9E95004FD00A /* Info.plist */ = {isa = PBXFileReference; lastKnownFileType = text.plist.xml; path = Info.plist; sourceTree = "<group>"; };
/* End PBXFileReference section */

/* Begin PBXFrameworksBuildPhase section */
		F0BB3D911C8E9E95004FD00A /* Frameworks */ = {
			isa = PBXFrameworksBuildPhase;
			buildActionMask = 2147483647;
			files = (
			);
			runOnlyForDeploymentPostprocessing = 0;
		};
/* End PBXFrameworksBuildPhase section */

/* Begin PBXGroup section */
		F0BB3D8B1C8E9E95004FD00A = {
			isa = PBXGroup;
			children = (
				F0BB3D961C8E9E95004FD00A /* MyTrips */,
				F0BB3D951C8E9E95004FD00A /* Products */,
			);
			sourceTree = "<group>";
		};
		F0BB3D951C8E9E95004FD00A /* Products */ = {
			isa = PBXGroup;
			children = (
				F0BB3D941C8E9E95004FD00A /* MyTrips.app */,
			);
			name = Products;
			sourceTree = "<group>";
		};
		F0BB3D961C8E9E95004FD00A /* MyTrips */ = {
			isa = PBXGroup;
			children = (
				F0BB3D971C8E9E95004FD00A /* AppDelegate.swift */,
				F0BB3D991C8E9E95004FD00A /* ViewController.swift */,
				F0BB3D9B1C8E9E95004FD00A /* Main.storyboard */,
				F0BB3DA11C8E9E95004FD00A /* Assets.xcassets */,
				F0BB3DA31C8E9E95004FD00A /* LaunchScreen.storyboard */,
				F0BB3DA61C8E9E95004FD00A /* Info.plist */,
				F0BB3D9E1C8E9E95004FD00A /* MyTrips.xcdatamodeld */,
			);
			path = MyTrips;
			sourceTree = "<group>";
		};
/* End PBXGroup section */

/* Begin PBXNativeTarget section */
		F0BB3D931C8E9E95004FD00A /* MyTrips */ = {
			isa = PBXNativeTarget;
			buildConfigurationList = F0BB3DA91C8E9E95004FD00A /* Build configuration list for PBXNativeTarget "MyTrips" */;
			buildPhases = (
				F0BB3D901C8E9E95004FD00A /* Sources */,
				F0BB3D911C8E9E95004FD00A /* Frameworks */,
				F0BB3D921C8E9E95004FD00A /* Resources */,
			);
			buildRules = (
			);
			dependencies = (
			);
			name = MyTrips;
			productName = MyTrips;
			productReference = F0BB3D941C8E9E95004FD00A /* MyTrips.app */;
			productType = "com.apple.product-type.application";
		};
/* End PBXNativeTarget section */

/* Begin PBXProject section */
		F0BB3D8C1C8E9E95004FD00A /* Project object */ = {
			isa = PBXProject;
			attributes = {
				LastSwiftUpdateCheck = 0720;
				LastUpgradeCheck = 0720;
				ORGANIZATIONNAME = MyTectra;
				TargetAttributes = {
					F0BB3D931C8E9E95004FD00A = {
						CreatedOnToolsVersion = 7.2.1;
					};
				};
			};
			buildConfigurationList = F0BB3D8F1C8E9E95004FD00A /* Build configuration list for PBXProject "MyTrips" */;
			compatibilityVersion = "Xcode 3.2";
			developmentRegion = English;
			hasScannedForEncodings = 0;
			knownRegions = (
				en,
				Base,
			);
			mainGroup = F0BB3D8B1C8E9E95004FD00A;
			productRefGroup = F0BB3D951C8E9E95004FD00A /* Products */;
			projectDirPath = "";
			projectRoot = "";
			targets = (
				F0BB3D931C8E9E95004FD00A /* MyTrips */,
			);
		};
/* End PBXProject section */

/* Begin PBXResourcesBuildPhase section */
		F0BB3D921C8E9E95004FD00A /* Resources */ = {
			isa = PBXResourcesBuildPhase;
			buildActionMask = 2147483647;
			files = (
				F0BB3DA51C8E9E95004FD00A /* LaunchScreen.storyboard in Resources */,
				F0BB3DA21C8E9E95004FD00A /* Assets.xcassets in Resources */,
				F0BB3D9D1C8E9E95004FD00A /* Main.storyboard in Resources */,
			);
			runOnlyForDeploymentPostprocessing = 0;
		};
/* End PBXResourcesBuildPhase section */

/* Begin PBXSourcesBuildPhase section */
		F0BB3D901C8E9E95004FD00A /* Sources */ = {
			isa = PBXSourcesBuildPhase;
			buildActionMask = 2147483647;
			files = (
				F0BB3D9A1C8E9E95004FD00A /* ViewController.swift in Sources */,
				F0BB3D981C8E9E95004FD00A /* AppDelegate.swift in Sources */,
				F0BB3DA01C8E9E95004FD00A /* MyTrips.xcdatamodeld in Sources */,
			);
			runOnlyForDeploymentPostprocessing = 0;
		};
/* End PBXSourcesBuildPhase section */

/* Begin PBXVariantGroup section */
		F0BB3D9B1C8E9E95004FD00A /* Main.storyboard */ = {
			isa = PBXVariantGroup;
			children = (
				F0BB3D9C1C8E9E95004FD00A /* Base */,
			);
			name = Main.storyboard;
			sourceTree = "<group>";
		};
		F0BB3DA31C8E9E95004FD00A /* LaunchScreen.storyboard */ = {
			isa = PBXVariantGroup;
			children = (
				F0BB3DA41C8E9E95004FD00A /* Base */,
			);
			name = LaunchScreen.storyboard;
			sourceTree = "<group>";
		};
/* End PBXVariantGroup section */

/* Begin XCBuildConfiguration section */
		F0BB3DA71C8E9E95004FD00A /* Debug */ = {
			isa = XCBuildConfiguration;
			buildSettings = {
				ALWAYS_SEARCH_USER_PATHS = NO;
				CLANG_CXX_LANGUAGE_STANDARD = "gnu++0x";
				CLANG_CXX_LIBRARY = "libc++";
				CLANG_ENABLE_MODULES = YES;
				CLANG_ENABLE_OBJC_ARC = YES;
				CLANG_WARN_BOOL_CONVERSION = YES;
				CLANG_WARN_CONSTANT_CONVERSION = YES;
				CLANG_WARN_DIRECT_OBJC_ISA_USAGE = YES_ERROR;
				CLANG_WARN_EMPTY_BODY = YES;
				CLANG_WARN_ENUM_CONVERSION = YES;
				CLANG_WARN_INT_CONVERSION = YES;
				CLANG_WARN_OBJC_ROOT_CLASS = YES_ERROR;
				CLANG_WARN_UNREACHABLE_CODE = YES;
				CLANG_WARN__DUPLICATE_METHOD_MATCH = YES;
				"CODE_SIGN_IDENTITY[sdk=iphoneos*]" = "iPhone Developer";
				COPY_PHASE_STRIP = NO;
				DEBUG_INFORMATION_FORMAT = dwarf;
				ENABLE_STRICT_OBJC_MSGSEND = YES;
				ENABLE_TESTABILITY = YES;
				GCC_C_LANGUAGE_STANDARD = gnu99;
				GCC_DYNAMIC_NO_PIC = NO;
				GCC_NO_COMMON_BLOCKS = YES;
				GCC_OPTIMIZATION_LEVEL = 0;
				GCC_PREPROCESSOR_DEFINITIONS = (
					"DEBUG=1",
					"$(inherited)",
				);
				GCC_WARN_64_TO_32_BIT_CONVERSION = YES;
				GCC_WARN_ABOUT_RETURN_TYPE = YES_ERROR;
				GCC_WARN_UNDECLARED_SELECTOR = YES;
				GCC_WARN_UNINITIALIZED_AUTOS = YES_AGGRESSIVE;
				GCC_WARN_UNUSED_FUNCTION = YES;
				GCC_WARN_UNUSED_VARIABLE = YES;
				IPHONEOS_DEPLOYMENT_TARGET = 9.2;
				MTL_ENABLE_DEBUG_INFO = YES;
				ONLY_ACTIVE_ARCH = YES;
				SDKROOT = iphoneos;
				SWIFT_OPTIMIZATION_LEVEL = "-Onone";
			};
			name = Debug;
		};
		F0BB3DA81C8E9E95004FD00A /* Release */ = {
			isa = XCBuildConfiguration;
			buildSettings = {
				ALWAYS_SEARCH_USER_PATHS = NO;
				CLANG_CXX_LANGUAGE_STANDARD = "gnu++0x";
				CLANG_CXX_LIBRARY = "libc++";
				CLANG_ENABLE_MODULES = YES;
				CLANG_ENABLE_OBJC_ARC = YES;
				CLANG_WARN_BOOL_CONVERSION = YES;
				CLANG_WARN_CONSTANT_CONVERSION = YES;
				CLANG_WARN_DIRECT_OBJC_ISA_USAGE = YES_ERROR;
				CLANG_WARN_EMPTY_BODY = YES;
				CLANG_WARN_ENUM_CONVERSION = YES;
				CLANG_WARN_INT_CONVERSION = YES;
				CLANG_WARN_OBJC_ROOT_CLASS = YES_ERROR;
				CLANG_WARN_UNREACHABLE_CODE = YES;
				CLANG_WARN__DUPLICATE_METHOD_MATCH = YES;
				"CODE_SIGN_IDENTITY[sdk=iphoneos*]" = "iPhone Developer";
				COPY_PHASE_STRIP = NO;
				DEBUG_INFORMATION_FORMAT = "dwarf-with-dsym";
				ENABLE_NS_ASSERTIONS = NO;
				ENABLE_STRICT_OBJC_MSGSEND = YES;
				GCC_C_LANGUAGE_STANDARD = gnu99;
				GCC_NO_COMMON_BLOCKS = YES;
				GCC_WARN_64_TO_32_BIT_CONVERSION = YES;
				GCC_WARN_ABOUT_RETURN_TYPE = YES_ERROR;
				GCC_WARN_UNDECLARED_SELECTOR = YES;
				GCC_WARN_UNINITIALIZED_AUTOS = YES_AGGRESSIVE;
				GCC_WARN_UNUSED_FUNCTION = YES;
				GCC_WARN_UNUSED_VARIABLE = YES;
				IPHONEOS_DEPLOYMENT_TARGET = 9.2;
				MTL_ENABLE_DEBUG_INFO = NO;
				SDKROOT = iphoneos;
				VALIDATE_PRODUCT = YES;
			};
			name = Release;
		};
		F0BB3DAA1C8E9E95004FD00A /* Debug */ = {
			isa = XCBuildConfiguration;
			buildSettings = {
				ASSETCATALOG_COMPILER_APPICON_NAME = AppIcon;
				INFOPLIST_FILE = MyTrips/Info.plist;
				LD_RUNPATH_SEARCH_PATHS = "$(inherited) @executable_path/Frameworks";
				PRODUCT_BUNDLE_IDENTIFIER = com.MyTectra.MyTrips;
				PRODUCT_NAME = "$(TARGET_NAME)";
			};
			name = Debug;
		};
		F0BB3DAB1C8E9E95004FD00A /* Release */ = {
			isa = XCBuildConfiguration;
			buildSettings = {
				ASSETCATALOG_COMPILER_APPICON_NAME = AppIcon;
				INFOPLIST_FILE = MyTrips/Info.plist;
				LD_RUNPATH_SEARCH_PATHS = "$(inherited) @executable_path/Frameworks";
				PRODUCT_BUNDLE_IDENTIFIER = com.MyTectra.MyTrips;
				PRODUCT_NAME = "$(TARGET_NAME)";
			};
			name = Release;
		};
/* End XCBuildConfiguration section */

/* Begin XCConfigurationList section */
		F0BB3D8F1C8E9E95004FD00A /* Build configuration list for PBXProject "MyTrips" */ = {
			isa = XCConfigurationList;
			buildConfigurations = (
				F0BB3DA71C8E9E95004FD00A /* Debug */,
				F0BB3DA81C8E9E95004FD00A /* Release */,
			);
			defaultConfigurationIsVisible = 0;
			defaultConfigurationName = Release;
		};
		F0BB3DA91C8E9E95004FD00A /* Build configuration list for PBXNativeTarget "MyTrips" */ = {
			isa = XCConfigurationList;
			buildConfigurations = (
				F0BB3DAA1C8E9E95004FD00A /* Debug */,
				F0BB3DAB1C8E9E95004FD00A /* Release */,
			);
			defaultConfigurationIsVisible = 0;
		};
/* End XCConfigurationList section */

/* Begin XCVersionGroup section */
		F0BB3D9E1C8E9E95004FD00A /* MyTrips.xcdatamodeld */ = {
			isa = XCVersionGroup;
			children = (
				F0BB3D9F1C8E9E95004FD00A /* MyTrips.xcdatamodel */,
			);
			currentVersion = F0BB3D9F1C8E9E95004FD00A /* MyTrips.xcdatamodel */;
			path = MyTrips.xcdatamodeld;
			sourceTree = "<group>";
			versionGroupType = wrapper.xcdatamodel;
		};
/* End XCVersionGroup section */
	};
	rootObject = F0BB3D8C1C8E9E95004FD00A /* Project object */;
}
